
Microsoft Visual Studio Solution File, Format Version 12.00
# Visual Studio 15
VisualStudioVersion = 15.0.26228.48
MinimumVisualStudioVersion = 10.0.40219.1
Project("{FAE04EC0-301F-11D3-BF4B-00C04F79EFBC}") = "ErrorProviderTest", "ErrorProviderTest\ErrorProviderTest.csproj", "{1F70792F-9A1C-466B-B2FE-BF752FE9E888}"
EndProject
Project("{FAE04EC0-301F-11D3-BF4B-00C04F79EFBC}") = "ComboBoxTest", "ComboBoxTest\ComboBoxTest.csproj", "{9E015B46-C5C9-4D4E-8C5B-EA8BA5A3988D}"
EndProject
Project("{FAE04EC0-301F-11D3-BF4B-00C04F79EFBC}") = "DateTimePicker", "DateTimePicker\DateTimePicker.csproj", "{C3DE26C2-ABBB-46EF-BAC2-A584D68E4041}"
EndProject
Project("{FAE04EC0-301F-11D3-BF4B-00C04F79EFBC}") = "CalendarSample", "CalendarSample\CalendarSample.csproj", "{9833448D-75B6-4704-BAC7-49CF41E4D7B4}"
EndProject
Project("{FAE04EC0-301F-11D3-BF4B-00C04F79EFBC}") = "CheckedListBoxTest", "CheckedListBoxTest\CheckedListBoxTest.csproj", "{93EEA1D5-96C9-4020-ADF6-293C79FDD5BB}"
EndProject
Project("{FAE04EC0-301F-11D3-BF4B-00C04F79EFBC}") = "MaskedTextBoxTest", "MaskedTextBoxTest\MaskedTextBoxTest.csproj", "{D8AFB0DF-D8AE-4D80-B0F7-ED5D45C904B3}"
EndProject
Project("{FAE04EC0-301F-11D3-BF4B-00C04F79EFBC}") = "TreeViewTest1", "TreeViewTest1\TreeViewTest1.csproj", "{1EB0DFC4-2507-4908-8CC4-C06CAB98D17E}"
EndProject
Project("{FAE04EC0-301F-11D3-BF4B-00C04F79EFBC}") = "TreeViewTestIcon1", "TreeViewTestIcon1\TreeViewTestIcon1.csproj", "{3D289FB6-A8BE-4C1A-A997-2402BD3FA0E5}"
EndProject
Global
	GlobalSection(SolutionConfigurationPlatforms) = preSolution
		Debug|Any CPU = Debug|Any CPU
		Release|Any CPU = Release|Any CPU
	EndGlobalSection
	GlobalSection(ProjectConfigurationPlatforms) = postSolution
		{1F70792F-9A1C-466B-B2FE-BF752FE9E888}.Debug|Any CPU.ActiveCfg = Debug|Any CPU
		{1F70792F-9A1C-466B-B2FE-BF752FE9E888}.Debug|Any CPU.Build.0 = Debug|Any CPU
		{1F70792F-9A1C-466B-B2FE-BF752FE9E888}.Release|Any CPU.ActiveCfg = Release|Any CPU
		{1F70792F-9A1C-466B-B2FE-BF752FE9E888}.Release|Any CPU.Build.0 = Release|Any CPU
		{9E015B46-C5C9-4D4E-8C5B-EA8BA5A3988D}.Debug|Any CPU.ActiveCfg = Debug|Any CPU
		{9E015B46-C5C9-4D4E-8C5B-EA8BA5A3988D}.Debug|Any CPU.Build.0 = Debug|Any CPU
		{9E015B46-C5C9-4D4E-8C5B-EA8BA5A3988D}.Release|Any CPU.ActiveCfg = Release|Any CPU
		{9E015B46-C5C9-4D4E-8C5B-EA8BA5A3988D}.Release|Any CPU.Build.0 = Release|Any CPU
		{C3DE26C2-ABBB-46EF-BAC2-A584D68E4041}.Debug|Any CPU.ActiveCfg = Debug|Any CPU
		{C3DE26C2-ABBB-46EF-BAC2-A584D68E4041}.Debug|Any CPU.Build.0 = Debug|Any CPU
		{C3DE26C2-ABBB-46EF-BAC2-A584D68E4041}.Release|Any CPU.ActiveCfg = Release|Any CPU
		{C3DE26C2-ABBB-46EF-BAC2-A584D68E4041}.Release|Any CPU.Build.0 = Release|Any CPU
		{9833448D-75B6-4704-BAC7-49CF41E4D7B4}.Debug|Any CPU.ActiveCfg = Debug|Any CPU
		{9833448D-75B6-4704-BAC7-49CF41E4D7B4}.Debug|Any CPU.Build.0 = Debug|Any CPU
		{9833448D-75B6-4704-BAC7-49CF41E4D7B4}.Release|Any CPU.ActiveCfg = Release|Any CPU
		{9833448D-75B6-4704-BAC7-49CF41E4D7B4}.Release|Any CPU.Build.0 = Release|Any CPU
		{93EEA1D5-96C9-4020-ADF6-293C79FDD5BB}.Debug|Any CPU.ActiveCfg = Debug|Any CPU
		{93EEA1D5-96C9-4020-ADF6-293C79FDD5BB}.Debug|Any CPU.Build.0 = Debug|Any CPU
		{93EEA1D5-96C9-4020-ADF6-293C79FDD5BB}.Release|Any CPU.ActiveCfg = Release|Any CPU
		{93EEA1D5-96C9-4020-ADF6-293C79FDD5BB}.Release|Any CPU.Build.0 = Release|Any CPU
		{D8AFB0DF-D8AE-4D80-B0F7-ED5D45C904B3}.Debug|Any CPU.ActiveCfg = Debug|Any CPU
		{D8AFB0DF-D8AE-4D80-B0F7-ED5D45C904B3}.Debug|Any CPU.Build.0 = Debug|Any CPU
		{D8AFB0DF-D8AE-4D80-B0F7-ED5D45C904B3}.Release|Any CPU.ActiveCfg = Release|Any CPU
		{D8AFB0DF-D8AE-4D80-B0F7-ED5D45C904B3}.Release|Any CPU.Build.0 = Release|Any CPU
		{1EB0DFC4-2507-4908-8CC4-C06CAB98D17E}.Debug|Any CPU.ActiveCfg = Debug|Any CPU
		{1EB0DFC4-2507-4908-8CC4-C06CAB98D17E}.Debug|Any CPU.Build.0 = Debug|Any CPU
		{1EB0DFC4-2507-4908-8CC4-C06CAB98D17E}.Release|Any CPU.ActiveCfg = Release|Any CPU
		{1EB0DFC4-2507-4908-8CC4-C06CAB98D17E}.Release|Any CPU.Build.0 = Release|Any CPU
		{3D289FB6-A8BE-4C1A-A997-2402BD3FA0E5}.Debug|Any CPU.ActiveCfg = Debug|Any CPU
		{3D289FB6-A8BE-4C1A-A997-2402BD3FA0E5}.Debug|Any CPU.Build.0 = Debug|Any CPU
		{3D289FB6-A8BE-4C1A-A997-2402BD3FA0E5}.Release|Any CPU.ActiveCfg = Release|Any CPU
		{3D289FB6-A8BE-4C1A-A997-2402BD3FA0E5}.Release|Any CPU.Build.0 = Release|Any CPU
	EndGlobalSection
	GlobalSection(SolutionProperties) = preSolution
		HideSolutionNode = FALSE
	EndGlobalSection
	GlobalSection(ExtensibilityGlobals) = postSolution
		SolutionGuid = {36155232-0620-4D4D-ADCA-FD81A2C69044}
	EndGlobalSection
EndGlobal
